
Microsoft Visual Studio Solution File, Format Version 11.00
# Visual Studio 2010
Project("{FAE04EC0-301F-11D3-BF4B-00C04F79EFBC}") = "Assembly-CSharp", "Assembly-CSharp.csproj", "{BF6425B5-DDDE-C2DE-6CCC-CB43CC3517E7}"
EndProject
Project("{FAE04EC0-301F-11D3-BF4B-00C04F79EFBC}") = "Assembly-CSharp-Editor", "Assembly-CSharp-Editor.csproj", "{84EA2E39-BCAF-2A00-2E8B-D5952CED073B}"
EndProject
Global
	GlobalSection(SolutionConfigurationPlatforms) = preSolution
		Debug|Any CPU = Debug|Any CPU
		Release|Any CPU = Release|Any CPU
	EndGlobalSection
	GlobalSection(ProjectConfigurationPlatforms) = postSolution
		{BF6425B5-DDDE-C2DE-6CCC-CB43CC3517E7}.Debug|Any CPU.ActiveCfg = Debug|Any CPU
		{BF6425B5-DDDE-C2DE-6CCC-CB43CC3517E7}.Debug|Any CPU.Build.0 = Debug|Any CPU
		{BF6425B5-DDDE-C2DE-6CCC-CB43CC3517E7}.Release|Any CPU.ActiveCfg = Release|Any CPU
		{BF6425B5-DDDE-C2DE-6CCC-CB43CC3517E7}.Release|Any CPU.Build.0 = Release|Any CPU
		{84EA2E39-BCAF-2A00-2E8B-D5952CED073B}.Debug|Any CPU.ActiveCfg = Debug|Any CPU
		{84EA2E39-BCAF-2A00-2E8B-D5952CED073B}.Debug|Any CPU.Build.0 = Debug|Any CPU
		{84EA2E39-BCAF-2A00-2E8B-D5952CED073B}.Release|Any CPU.ActiveCfg = Release|Any CPU
		{84EA2E39-BCAF-2A00-2E8B-D5952CED073B}.Release|Any CPU.Build.0 = Release|Any CPU
	EndGlobalSection
	GlobalSection(SolutionProperties) = preSolution
		HideSolutionNode = FALSE
	EndGlobalSection
EndGlobal
